
Microsoft Visual Studio Solution File, Format Version 12.00
# Visual Studio Version 17
VisualStudioVersion = 17.2.32630.192
MinimumVisualStudioVersion = 10.0.40219.1
Project("{9A19103F-16F7-4668-BE54-9A1E7A4F7556}") = "FileReaderSolution", "FileReaderSolution\FileReaderSolution.csproj", "{A8FC9EB1-3A9D-4416-9F3D-9DA8806B2504}"
EndProject
Project("{9A19103F-16F7-4668-BE54-9A1E7A4F7556}") = "FileConsumerSolution", "..\FileConsumerSolution\FileConsumerSolution.csproj", "{810E8E2D-1C0A-4933-A71C-D648CF528256}"
EndProject
Project("{9A19103F-16F7-4668-BE54-9A1E7A4F7556}") = "FileReaderWebApi", "..\FileReaderWebApi\FileReaderWebApi.csproj", "{4B59BDD2-3638-4EEA-8BF6-E884B9C0DD16}"
EndProject
Project("{2150E333-8FDC-42A3-9474-1A3956D46DE8}") = "Solution Items", "Solution Items", "{9990D748-A505-4562-BEB5-C5E1FB1522C8}"
	ProjectSection(SolutionItems) = preProject
		README.md = README.md
	EndProjectSection
EndProject
Global
	GlobalSection(SolutionConfigurationPlatforms) = preSolution
		Debug|Any CPU = Debug|Any CPU
		Release|Any CPU = Release|Any CPU
	EndGlobalSection
	GlobalSection(ProjectConfigurationPlatforms) = postSolution
		{A8FC9EB1-3A9D-4416-9F3D-9DA8806B2504}.Debug|Any CPU.ActiveCfg = Debug|Any CPU
		{A8FC9EB1-3A9D-4416-9F3D-9DA8806B2504}.Debug|Any CPU.Build.0 = Debug|Any CPU
		{A8FC9EB1-3A9D-4416-9F3D-9DA8806B2504}.Release|Any CPU.ActiveCfg = Release|Any CPU
		{A8FC9EB1-3A9D-4416-9F3D-9DA8806B2504}.Release|Any CPU.Build.0 = Release|Any CPU
		{810E8E2D-1C0A-4933-A71C-D648CF528256}.Debug|Any CPU.ActiveCfg = Debug|Any CPU
		{810E8E2D-1C0A-4933-A71C-D648CF528256}.Debug|Any CPU.Build.0 = Debug|Any CPU
		{810E8E2D-1C0A-4933-A71C-D648CF528256}.Release|Any CPU.ActiveCfg = Release|Any CPU
		{810E8E2D-1C0A-4933-A71C-D648CF528256}.Release|Any CPU.Build.0 = Release|Any CPU
		{4B59BDD2-3638-4EEA-8BF6-E884B9C0DD16}.Debug|Any CPU.ActiveCfg = Debug|Any CPU
		{4B59BDD2-3638-4EEA-8BF6-E884B9C0DD16}.Debug|Any CPU.Build.0 = Debug|Any CPU
		{4B59BDD2-3638-4EEA-8BF6-E884B9C0DD16}.Release|Any CPU.ActiveCfg = Release|Any CPU
		{4B59BDD2-3638-4EEA-8BF6-E884B9C0DD16}.Release|Any CPU.Build.0 = Release|Any CPU
	EndGlobalSection
	GlobalSection(SolutionProperties) = preSolution
		HideSolutionNode = FALSE
	EndGlobalSection
	GlobalSection(ExtensibilityGlobals) = postSolution
		SolutionGuid = {EE784149-518D-4E29-8162-C408CCAF033D}
	EndGlobalSection
EndGlobal
